{
  "originHash" : "9201b3cdbb4d0e1d6e95b74386b1cf11c12384888c45bbf2583ab8cb35713b02",
  "pins" : [
    {
      "identity" : "gltfkit2",
      "kind" : "remoteSourceControl",
      "location" : "https://github.com/warrenm/GLTFKit2",
      "state" : {
        "revision" : "e69e354c4f31ea07b7816b8cbe2ddb28e897d073"
      }
    }
  ],
  "version" : 3
}
